
Microsoft Visual Studio Solution File, Format Version 12.00
# Visual Studio Version 17
VisualStudioVersion = 17.9.34714.143
MinimumVisualStudioVersion = 10.0.40219.1
Project("{FAE04EC0-301F-11D3-BF4B-00C04F79EFBC}") = "QuanLyGara", "QuanLyGara.csproj", "{B8196BF3-CBB4-4BB7-9F6F-734CA6B9A770}"
EndProject
Global
	GlobalSection(SolutionConfigurationPlatforms) = preSolution
		Debug|Any CPU = Debug|Any CPU
		Release|Any CPU = Release|Any CPU
	EndGlobalSection
	GlobalSection(ProjectConfigurationPlatforms) = postSolution
		{B8196BF3-CBB4-4BB7-9F6F-734CA6B9A770}.Debug|Any CPU.ActiveCfg = Debug|Any CPU
		{B8196BF3-CBB4-4BB7-9F6F-734CA6B9A770}.Debug|Any CPU.Build.0 = Debug|Any CPU
		{B8196BF3-CBB4-4BB7-9F6F-734CA6B9A770}.Release|Any CPU.ActiveCfg = Release|Any CPU
		{B8196BF3-CBB4-4BB7-9F6F-734CA6B9A770}.Release|Any CPU.Build.0 = Release|Any CPU
	EndGlobalSection
	GlobalSection(SolutionProperties) = preSolution
		HideSolutionNode = FALSE
	EndGlobalSection
	GlobalSection(ExtensibilityGlobals) = postSolution
		SolutionGuid = {7D633BF8-7973-452A-984A-8D317CC8E6CD}
	EndGlobalSection
EndGlobal
